
Microsoft Visual Studio Solution File, Format Version 12.00
# Visual Studio Version 17
VisualStudioVersion = 17.7.34031.279
MinimumVisualStudioVersion = 10.0.40219.1
Project("{FAE04EC0-301F-11D3-BF4B-00C04F79EFBC}") = "Main", "Server\Main.csproj", "{BB2A40C4-F036-0CA8-AEDD-88B50B0EA372}"
EndProject
Global
	GlobalSection(SolutionConfigurationPlatforms) = preSolution
		Debug|Any CPU = Debug|Any CPU
		Release|Any CPU = Release|Any CPU
	EndGlobalSection
	GlobalSection(ProjectConfigurationPlatforms) = postSolution
		{BB2A40C4-F036-0CA8-AEDD-88B50B0EA372}.Debug|Any CPU.ActiveCfg = Debug|Any CPU
		{BB2A40C4-F036-0CA8-AEDD-88B50B0EA372}.Debug|Any CPU.Build.0 = Debug|Any CPU
		{BB2A40C4-F036-0CA8-AEDD-88B50B0EA372}.Release|Any CPU.ActiveCfg = Release|Any CPU
		{BB2A40C4-F036-0CA8-AEDD-88B50B0EA372}.Release|Any CPU.Build.0 = Release|Any CPU
	EndGlobalSection
	GlobalSection(SolutionProperties) = preSolution
		HideSolutionNode = FALSE
	EndGlobalSection
	GlobalSection(ExtensibilityGlobals) = postSolution
		SolutionGuid = {EEB2E9C1-1CC1-498B-835F-73EDB54D0D8A}
	EndGlobalSection
EndGlobal
