
Microsoft Visual Studio Solution File, Format Version 12.00
# Visual Studio Version 17
VisualStudioVersion = 17.7.34031.279
MinimumVisualStudioVersion = 10.0.40219.1
Project("{9A19103F-16F7-4668-BE54-9A1E7A4F7556}") = "Tests", "Tests\Tests.csproj", "{9E7E40FF-3164-4026-BF02-3EB6175A475D}"
EndProject
Project("{9A19103F-16F7-4668-BE54-9A1E7A4F7556}") = "Main", "Main\Main.csproj", "{EB478ECC-6769-4E5E-B6B9-9CA357AD8DED}"
EndProject
Global
	GlobalSection(SolutionConfigurationPlatforms) = preSolution
		Debug|Any CPU = Debug|Any CPU
		Release|Any CPU = Release|Any CPU
	EndGlobalSection
	GlobalSection(ProjectConfigurationPlatforms) = postSolution
		{9E7E40FF-3164-4026-BF02-3EB6175A475D}.Debug|Any CPU.ActiveCfg = Debug|Any CPU
		{9E7E40FF-3164-4026-BF02-3EB6175A475D}.Debug|Any CPU.Build.0 = Debug|Any CPU
		{9E7E40FF-3164-4026-BF02-3EB6175A475D}.Release|Any CPU.ActiveCfg = Release|Any CPU
		{9E7E40FF-3164-4026-BF02-3EB6175A475D}.Release|Any CPU.Build.0 = Release|Any CPU
		{EB478ECC-6769-4E5E-B6B9-9CA357AD8DED}.Debug|Any CPU.ActiveCfg = Debug|Any CPU
		{EB478ECC-6769-4E5E-B6B9-9CA357AD8DED}.Debug|Any CPU.Build.0 = Debug|Any CPU
		{EB478ECC-6769-4E5E-B6B9-9CA357AD8DED}.Release|Any CPU.ActiveCfg = Release|Any CPU
		{EB478ECC-6769-4E5E-B6B9-9CA357AD8DED}.Release|Any CPU.Build.0 = Release|Any CPU
	EndGlobalSection
	GlobalSection(SolutionProperties) = preSolution
		HideSolutionNode = FALSE
	EndGlobalSection
	GlobalSection(ExtensibilityGlobals) = postSolution
		SolutionGuid = {EEB2E9C1-1CC1-498B-835F-73EDB54D0D8A}
	EndGlobalSection
EndGlobal
